
Microsoft Visual Studio Solution File, Format Version 12.00
# Visual Studio 15
VisualStudioVersion = 15.0.27130.2036
MinimumVisualStudioVersion = 10.0.40219.1
Project("{FAE04EC0-301F-11D3-BF4B-00C04F79EFBC}") = "BibPuc", "BibPuc\BibPuc.csproj", "{7F89172B-7323-405F-8B01-D6FE19A7AD11}"
EndProject
Global
	GlobalSection(SolutionConfigurationPlatforms) = preSolution
		Debug|Any CPU = Debug|Any CPU
		Release|Any CPU = Release|Any CPU
	EndGlobalSection
	GlobalSection(ProjectConfigurationPlatforms) = postSolution
		{7F89172B-7323-405F-8B01-D6FE19A7AD11}.Debug|Any CPU.ActiveCfg = Debug|Any CPU
		{7F89172B-7323-405F-8B01-D6FE19A7AD11}.Debug|Any CPU.Build.0 = Debug|Any CPU
		{7F89172B-7323-405F-8B01-D6FE19A7AD11}.Release|Any CPU.ActiveCfg = Release|Any CPU
		{7F89172B-7323-405F-8B01-D6FE19A7AD11}.Release|Any CPU.Build.0 = Release|Any CPU
	EndGlobalSection
	GlobalSection(SolutionProperties) = preSolution
		HideSolutionNode = FALSE
	EndGlobalSection
	GlobalSection(ExtensibilityGlobals) = postSolution
		SolutionGuid = {56F70DBA-FC2F-4D0F-BC07-691CFAE45B97}
	EndGlobalSection
EndGlobal
